
Microsoft Visual Studio Solution File, Format Version 12.00
# Visual Studio Version 16
VisualStudioVersion = 16.0.31624.102
MinimumVisualStudioVersion = 10.0.40219.1
Project("{FAE04EC0-301F-11D3-BF4B-00C04F79EFBC}") = "registro", "registro.csproj", "{F482E74C-4842-468C-A983-C31CB28110DB}"
EndProject
Global
	GlobalSection(SolutionConfigurationPlatforms) = preSolution
		Debug|Any CPU = Debug|Any CPU
		Release|Any CPU = Release|Any CPU
	EndGlobalSection
	GlobalSection(ProjectConfigurationPlatforms) = postSolution
		{F482E74C-4842-468C-A983-C31CB28110DB}.Debug|Any CPU.ActiveCfg = Debug|Any CPU
		{F482E74C-4842-468C-A983-C31CB28110DB}.Debug|Any CPU.Build.0 = Debug|Any CPU
		{F482E74C-4842-468C-A983-C31CB28110DB}.Release|Any CPU.ActiveCfg = Release|Any CPU
		{F482E74C-4842-468C-A983-C31CB28110DB}.Release|Any CPU.Build.0 = Release|Any CPU
	EndGlobalSection
	GlobalSection(SolutionProperties) = preSolution
		HideSolutionNode = FALSE
	EndGlobalSection
	GlobalSection(ExtensibilityGlobals) = postSolution
		SolutionGuid = {BD97C414-60A7-4588-A4B6-2ADE5A106D2A}
	EndGlobalSection
EndGlobal
